// !$*UTF8*$!
{
	archiveVersion = 1;
	classes = {
	};
	objectVersion = 50;
	objects = {

/* Begin PBXBuildFile section */
		AF5FF00221501DEC00942275 /* main.cpp in Sources */ = {isa = PBXBuildFile; fileRef = AF5FF00121501DEC00942275 /* main.cpp */; };
/* End PBXBuildFile section */

/* Begin PBXFileReference section */
		AF0642592154338A000FCD0A /* fonts */ = {isa = PBXFileReference; lastKnownFileType = folder; path = fonts; sourceTree = "<group>"; };
		AF5FEFFE21501DEC00942275 /* Assignment 01 */ = {isa = PBXFileReference; explicitFileType = "compiled.mach-o.executable"; includeInIndex = 0; path = "Assignment 01"; sourceTree = BUILT_PRODUCTS_DIR; };
		AF5FF00121501DEC00942275 /* main.cpp */ = {isa = PBXFileReference; lastKnownFileType = sourcecode.cpp.cpp; path = main.cpp; sourceTree = "<group>"; };
		AF5FF00421501DEC00942275 /* cute_image.jpg */ = {isa = PBXFileReference; lastKnownFileType = image.jpeg; path = cute_image.jpg; sourceTree = "<group>"; };
		AF5FF00521501DEC00942275 /* nice_music.ogg */ = {isa = PBXFileReference; lastKnownFileType = file; path = nice_music.ogg; sourceTree = "<group>"; };
		AF5FF00621501DEC00942275 /* sansation.ttf */ = {isa = PBXFileReference; lastKnownFileType = file; path = sansation.ttf; sourceTree = "<group>"; };
		AF5FF00721501DEC00942275 /* icon.png */ = {isa = PBXFileReference; lastKnownFileType = image.png; path = icon.png; sourceTree = "<group>"; };
		AF5FF00D21501E3F00942275 /* conf.txt */ = {isa = PBXFileReference; lastKnownFileType = text; path = conf.txt; sourceTree = "<group>"; };
/* End PBXFileReference section */

/* Begin PBXFrameworksBuildPhase section */
		AF5FEFFC21501DEC00942275 /* Frameworks */ = {
			isa = PBXFrameworksBuildPhase;
			buildActionMask = 2147483647;
			files = (
			);
			runOnlyForDeploymentPostprocessing = 0;
		};
/* End PBXFrameworksBuildPhase section */

/* Begin PBXGroup section */
		AF5FEFF621501DEC00942275 = {
			isa = PBXGroup;
			children = (
				AF5FF00021501DEC00942275 /* Assignment 01 */,
				AF5FEFFF21501DEC00942275 /* Products */,
			);
			sourceTree = "<group>";
		};
		AF5FEFFF21501DEC00942275 /* Products */ = {
			isa = PBXGroup;
			children = (
				AF5FEFFE21501DEC00942275 /* Assignment 01 */,
			);
			name = Products;
			sourceTree = "<group>";
		};
		AF5FF00021501DEC00942275 /* Assignment 01 */ = {
			isa = PBXGroup;
			children = (
				AF0642592154338A000FCD0A /* fonts */,
				AF5FF00121501DEC00942275 /* main.cpp */,
				AF5FF00321501DEC00942275 /* Resources */,
				AF5FF00D21501E3F00942275 /* conf.txt */,
			);
			path = "Assignment 01";
			sourceTree = "<group>";
		};
		AF5FF00321501DEC00942275 /* Resources */ = {
			isa = PBXGroup;
			children = (
				AF5FF00421501DEC00942275 /* cute_image.jpg */,
				AF5FF00521501DEC00942275 /* nice_music.ogg */,
				AF5FF00621501DEC00942275 /* sansation.ttf */,
				AF5FF00721501DEC00942275 /* icon.png */,
			);
			name = Resources;
			sourceTree = "<group>";
		};
/* End PBXGroup section */

/* Begin PBXNativeTarget section */
		AF5FEFFD21501DEC00942275 /* Assignment 01 */ = {
			isa = PBXNativeTarget;
			buildConfigurationList = AF5FF00A21501DEC00942275 /* Build configuration list for PBXNativeTarget "Assignment 01" */;
			buildPhases = (
				AF5FEFFB21501DEC00942275 /* Sources */,
				AF5FEFFC21501DEC00942275 /* Frameworks */,
			);
			buildRules = (
			);
			dependencies = (
			);
			name = "Assignment 01";
			productName = "Assignment 01";
			productReference = AF5FEFFE21501DEC00942275 /* Assignment 01 */;
			productType = "com.apple.product-type.tool";
		};
/* End PBXNativeTarget section */

/* Begin PBXProject section */
		AF5FEFF721501DEC00942275 /* Project object */ = {
			isa = PBXProject;
			attributes = {
				LastUpgradeCheck = 0940;
				ORGANIZATIONNAME = Udacity;
				TargetAttributes = {
					AF5FEFFD21501DEC00942275 = {
						CreatedOnToolsVersion = 9.4.1;
					};
				};
			};
			buildConfigurationList = AF5FEFFA21501DEC00942275 /* Build configuration list for PBXProject "Assignment 01" */;
			compatibilityVersion = "Xcode 9.3";
			developmentRegion = en;
			hasScannedForEncodings = 0;
			knownRegions = (
				en,
			);
			mainGroup = AF5FEFF621501DEC00942275;
			productRefGroup = AF5FEFFF21501DEC00942275 /* Products */;
			projectDirPath = "";
			projectRoot = "";
			targets = (
				AF5FEFFD21501DEC00942275 /* Assignment 01 */,
			);
		};
/* End PBXProject section */

/* Begin PBXSourcesBuildPhase section */
		AF5FEFFB21501DEC00942275 /* Sources */ = {
			isa = PBXSourcesBuildPhase;
			buildActionMask = 2147483647;
			files = (
				AF5FF00221501DEC00942275 /* main.cpp in Sources */,
			);
			runOnlyForDeploymentPostprocessing = 0;
		};
/* End PBXSourcesBuildPhase section */

/* Begin XCBuildConfiguration section */
		AF5FF00821501DEC00942275 /* Debug */ = {
			isa = XCBuildConfiguration;
			buildSettings = {
				ARCHS = "$(NATIVE_ARCH_ACTUAL)";
				CLANG_CXX_LANGUAGE_STANDARD = "c++11";
				CLANG_CXX_LIBRARY = "libc++";
				FRAMEWORK_SEARCH_PATHS = (
					/Library/Frameworks/,
					"$(inherited)",
				);
				GCC_VERSION = com.apple.compilers.llvm.clang.1_0;
				HEADER_SEARCH_PATHS = (
					/usr/local/include/,
					"$(inherited)",
				);
				LIBRARY_SEARCH_PATHS = (
					/usr/local/lib/,
					"$(inherited)",
				);
				MACOSX_DEPLOYMENT_TARGET = 10.7;
				OTHER_LDFLAGS = (
					"$(inherited)",
					"$(SFML_SYSTEM)",
					"$(SFML_WINDOW)",
					"$(SFML_GRAPHICS)",
					"$(SFML_AUDIO)",
					"$(SFML_NETWORK)",
				);
				SFML_AUDIO = "$(SFML_LINK_PREFIX) sfml-audio$(SFML_LINK_SUFFIX)";
				SFML_BINARY_TYPE = FRAMEWORKS;
				SFML_GRAPHICS = "$(SFML_LINK_PREFIX) sfml-graphics$(SFML_LINK_SUFFIX)";
				SFML_LINK_DYLIBS_PREFIX = "-l";
				SFML_LINK_DYLIBS_SUFFIX = "";
				SFML_LINK_FRAMEWORKS_PREFIX = "-framework";
				SFML_LINK_FRAMEWORKS_SUFFIX = "";
				SFML_LINK_PREFIX = "$(SFML_LINK_$(SFML_BINARY_TYPE)_PREFIX)";
				SFML_LINK_SUFFIX = "$(SFML_LINK_$(SFML_BINARY_TYPE)_SUFFIX)";
				SFML_NETWORK = "$(SFML_LINK_PREFIX) sfml-network$(SFML_LINK_SUFFIX)";
				SFML_SYSTEM = "$(SFML_LINK_PREFIX) sfml-system$(SFML_LINK_SUFFIX)";
				SFML_WINDOW = "$(SFML_LINK_PREFIX) sfml-window$(SFML_LINK_SUFFIX)";
				SUPPORTED_PLATFORMS = macosx;
			};
			name = Debug;
		};
		AF5FF00921501DEC00942275 /* Release */ = {
			isa = XCBuildConfiguration;
			buildSettings = {
				ARCHS = "$(NATIVE_ARCH_ACTUAL)";
				CLANG_CXX_LANGUAGE_STANDARD = "c++11";
				CLANG_CXX_LIBRARY = "libc++";
				FRAMEWORK_SEARCH_PATHS = (
					/Library/Frameworks/,
					"$(inherited)",
				);
				GCC_VERSION = com.apple.compilers.llvm.clang.1_0;
				HEADER_SEARCH_PATHS = (
					/usr/local/include/,
					"$(inherited)",
				);
				LIBRARY_SEARCH_PATHS = (
					/usr/local/lib/,
					"$(inherited)",
				);
				MACOSX_DEPLOYMENT_TARGET = 10.7;
				OTHER_LDFLAGS = (
					"$(inherited)",
					"$(SFML_SYSTEM)",
					"$(SFML_WINDOW)",
					"$(SFML_GRAPHICS)",
					"$(SFML_AUDIO)",
					"$(SFML_NETWORK)",
				);
				SFML_AUDIO = "$(SFML_LINK_PREFIX) sfml-audio$(SFML_LINK_SUFFIX)";
				SFML_BINARY_TYPE = FRAMEWORKS;
				SFML_GRAPHICS = "$(SFML_LINK_PREFIX) sfml-graphics$(SFML_LINK_SUFFIX)";
				SFML_LINK_DYLIBS_PREFIX = "-l";
				SFML_LINK_DYLIBS_SUFFIX = "";
				SFML_LINK_FRAMEWORKS_PREFIX = "-framework";
				SFML_LINK_FRAMEWORKS_SUFFIX = "";
				SFML_LINK_PREFIX = "$(SFML_LINK_$(SFML_BINARY_TYPE)_PREFIX)";
				SFML_LINK_SUFFIX = "$(SFML_LINK_$(SFML_BINARY_TYPE)_SUFFIX)";
				SFML_NETWORK = "$(SFML_LINK_PREFIX) sfml-network$(SFML_LINK_SUFFIX)";
				SFML_SYSTEM = "$(SFML_LINK_PREFIX) sfml-system$(SFML_LINK_SUFFIX)";
				SFML_WINDOW = "$(SFML_LINK_PREFIX) sfml-window$(SFML_LINK_SUFFIX)";
				SUPPORTED_PLATFORMS = macosx;
			};
			name = Release;
		};
		AF5FF00B21501DEC00942275 /* Debug */ = {
			isa = XCBuildConfiguration;
			buildSettings = {
				CODE_SIGN_STYLE = Automatic;
				PRODUCT_NAME = "$(TARGET_NAME)";
			};
			name = Debug;
		};
		AF5FF00C21501DEC00942275 /* Release */ = {
			isa = XCBuildConfiguration;
			buildSettings = {
				CODE_SIGN_STYLE = Automatic;
				PRODUCT_NAME = "$(TARGET_NAME)";
			};
			name = Release;
		};
/* End XCBuildConfiguration section */

/* Begin XCConfigurationList section */
		AF5FEFFA21501DEC00942275 /* Build configuration list for PBXProject "Assignment 01" */ = {
			isa = XCConfigurationList;
			buildConfigurations = (
				AF5FF00821501DEC00942275 /* Debug */,
				AF5FF00921501DEC00942275 /* Release */,
			);
			defaultConfigurationIsVisible = 0;
			defaultConfigurationName = Release;
		};
		AF5FF00A21501DEC00942275 /* Build configuration list for PBXNativeTarget "Assignment 01" */ = {
			isa = XCConfigurationList;
			buildConfigurations = (
				AF5FF00B21501DEC00942275 /* Debug */,
				AF5FF00C21501DEC00942275 /* Release */,
			);
			defaultConfigurationIsVisible = 0;
			defaultConfigurationName = Release;
		};
/* End XCConfigurationList section */
	};
	rootObject = AF5FEFF721501DEC00942275 /* Project object */;
}
